<?xml version="1.0" encoding="UTF-8"?>
<CONFIG>
  <ProjectOptions>
    <Version Value="12"/>
    <General>
      <SessionStorage Value="InProjectDir"/>
      <Title Value="nonoProj"/>
      <Scaled Value="True"/>
      <ResourceType Value="res"/>
      <UseXPManifest Value="True"/>
      <XPManifest>
        <DpiAware Value="True"/>
      </XPManifest>
      <Icon Value="0"/>
    </General>
    <BuildModes>
      <Item Name="Default" Default="True"/>
    </BuildModes>
    <PublishOptions>
      <Version Value="2"/>
      <UseFileFilters Value="True"/>
    </PublishOptions>
    <RunParams>
      <FormatVersion Value="2"/>
    </RunParams>
    <RequiredPackages>
      <Item>
        <PackageName Value="LCL"/>
      </Item>
    </RequiredPackages>
    <Units>
      <Unit>
        <Filename Value="nonoProj.lpr"/>
        <IsPartOfProject Value="True"/>
      </Unit>
      <Unit>
        <Filename Value="nonoform.pas"/>
        <IsPartOfProject Value="True"/>
        <ComponentName Value="fNonogram"/>
        <HasResources Value="True"/>
        <ResourceBaseClass Value="Form"/>
        <UnitName Value="nonoForm"/>
      </Unit>
      <Unit>
        <Filename Value="nonogramgame.pas"/>
        <IsPartOfProject Value="True"/>
        <UnitName Value="nonogramGame"/>
      </Unit>
      <Unit>
        <Filename Value="gamecell.pas"/>
        <IsPartOfProject Value="True"/>
        <UnitName Value="gameCell"/>
      </Unit>
      <Unit>
        <Filename Value="gamedisplay.pas"/>
        <IsPartOfProject Value="True"/>
        <UnitName Value="gameDisplay"/>
      </Unit>
      <Unit>
        <Filename Value="arrayutils.pas"/>
        <IsPartOfProject Value="True"/>
        <UnitName Value="arrayUtils"/>
      </Unit>
      <Unit>
        <Filename Value="anysort.pas"/>
        <IsPartOfProject Value="True"/>
      </Unit>
      <Unit>
        <Filename Value="clickdelegate.pas"/>
        <IsPartOfProject Value="True"/>
        <UnitName Value="clickDelegate"/>
      </Unit>
      <Unit>
        <Filename Value="cluecell.pas"/>
        <IsPartOfProject Value="True"/>
        <UnitName Value="clueCell"/>
      </Unit>
      <Unit>
        <Filename Value="updatedelegate.pas"/>
        <IsPartOfProject Value="True"/>
        <UnitName Value="updateDelegate"/>
      </Unit>
      <Unit>
        <Filename Value="gameblock.pas"/>
        <IsPartOfProject Value="True"/>
        <UnitName Value="gameBlock"/>
      </Unit>
      <Unit>
        <Filename Value="gamestate.pas"/>
        <IsPartOfProject Value="True"/>
        <UnitName Value="gameState"/>
      </Unit>
      <Unit>
        <Filename Value="gamestatechange.pas"/>
        <IsPartOfProject Value="True"/>
      </Unit>
      <Unit>
        <Filename Value="enums.pas"/>
        <IsPartOfProject Value="True"/>
      </Unit>
      <Unit>
        <Filename Value="gamestatechanges.pas"/>
        <IsPartOfProject Value="True"/>
        <UnitName Value="gameStateChanges"/>
      </Unit>
      <Unit>
        <Filename Value="drawingutils.pas"/>
        <IsPartOfProject Value="True"/>
        <UnitName Value="drawingUtils"/>
      </Unit>
      <Unit>
        <Filename Value="nonosolver.pas"/>
        <IsPartOfProject Value="True"/>
      </Unit>
      <Unit>
        <Filename Value="xml_doc_handler.pas"/>
        <IsPartOfProject Value="True"/>
      </Unit>
      <Unit>
        <Filename Value="nonodochandler.pas"/>
        <IsPartOfProject Value="True"/>
        <UnitName Value="nonoDocHandler"/>
      </Unit>
      <Unit>
        <Filename Value="gamemodechangeddelegate.pas"/>
        <IsPartOfProject Value="True"/>
      </Unit>
      <Unit>
        <Filename Value="cluechangeddelegate.pas"/>
        <IsPartOfProject Value="True"/>
      </Unit>
      <Unit>
        <Filename Value="clueclickeddelegate.pas"/>
        <IsPartOfProject Value="True"/>
      </Unit>
      <Unit>
        <Filename Value="newgamedialog.pas"/>
        <IsPartOfProject Value="True"/>
        <ComponentName Value="fNewGameDialog"/>
        <HasResources Value="True"/>
        <ResourceBaseClass Value="Form"/>
      </Unit>
      <Unit>
        <Filename Value="fileutilities.pas"/>
        <IsPartOfProject Value="True"/>
        <UnitName Value="fileUtilities"/>
      </Unit>
      <Unit>
        <Filename Value="inonosolver.pas"/>
        <IsPartOfProject Value="True"/>
        <UnitName Value="iNonoSolver"/>
      </Unit>
      <Unit>
        <Filename Value="gamespace.pas"/>
        <IsPartOfProject Value="True"/>
        <UnitName Value="gameSpace"/>
      </Unit>
    </Units>
  </ProjectOptions>
  <CompilerOptions>
    <Version Value="11"/>
    <Target>
      <Filename Value="nonoProj"/>
    </Target>
    <SearchPaths>
      <IncludeFiles Value="$(ProjOutDir)"/>
      <UnitOutputDirectory Value="lib/$(TargetCPU)-$(TargetOS)"/>
    </SearchPaths>
    <Linking>
      <Debugging>
        <DebugInfoType Value="dsDwarf3"/>
      </Debugging>
      <Options>
        <Win32>
          <GraphicApplication Value="True"/>
        </Win32>
      </Options>
    </Linking>
  </CompilerOptions>
  <Debugging>
    <Exceptions>
      <Item>
        <Name Value="EAbort"/>
      </Item>
      <Item>
        <Name Value="ECodetoolError"/>
      </Item>
      <Item>
        <Name Value="EFOpenError"/>
      </Item>
    </Exceptions>
  </Debugging>
</CONFIG>
